{
  "name": "be-syndicating",
  "version": "0.0.7",
  "lockfileVersion": 2,
  "requires": true,
  "packages": {
    "": {
      "name": "be-syndicating",
      "version": "0.0.7",
      "license": "MIT",
      "dependencies": {
        "be-decorated": "0.0.177",
        "be-observant": "0.0.154",
        "trans-render": "0.0.626"
      },
      "devDependencies": {
        "@skypack/package-check": "0.2.2"
      }
    },
    "node_modules/@skypack/package-check": {
      "version": "0.2.2",
      "resolved": "https://registry.npmjs.org/@skypack/package-check/-/package-check-0.2.2.tgz",
      "integrity": "sha512-T4Wyi9lUuz0a1C2OHuzqZ0aFOCI0AmaGTb2LP9sHgWdoHXlB3JU02gfBpa0Y081G/gFsJYpQ/R0iCJRzF/nknw==",
      "dev": true,
      "dependencies": {
        "kleur": "^4.1.3",
        "yargs-parser": "^20.2.3"
      },
      "bin": {
        "package-check": "index.bin.js"
      }
    },
    "node_modules/be-a-beacon": {
      "version": "0.0.22",
      "resolved": "https://registry.npmjs.org/be-a-beacon/-/be-a-beacon-0.0.22.tgz",
      "integrity": "sha512-u7tOxYz9WySgoSOtcqnGe666lO6uyksJ1hDYPV6dVgpO8YQdc8Vf8UT6rNDXS7MvEMZenvNfFs8Sf3HB9SNnIA==",
      "dependencies": {
        "be-decorated": "0.0.177",
        "be-hive": "0.0.74"
      }
    },
    "node_modules/be-decorated": {
      "version": "0.0.177",
      "resolved": "https://registry.npmjs.org/be-decorated/-/be-decorated-0.0.177.tgz",
      "integrity": "sha512-EuoXwQDG2JiCTamEZ1zWq80nhfz8UAZSNfsNnGHwJHRicyo6bdlo/o/I8sAwprvlSHIzq1DM0Oiky/4p5WigXQ==",
      "dependencies": {
        "trans-render": "0.0.626",
        "xtal-element": "0.0.530"
      }
    },
    "node_modules/be-hive": {
      "version": "0.0.74",
      "resolved": "https://registry.npmjs.org/be-hive/-/be-hive-0.0.74.tgz",
      "integrity": "sha512-VaRrk8R2ce41W9H3AuD1wUe8YlB6dSVrx0A/LRVzpAnq9/lhN6g5+B04EUk8d1ul/J5BnDsr4lfL0+HmS3Uf6w==",
      "dependencies": {
        "trans-render": "0.0.626"
      }
    },
    "node_modules/be-observant": {
      "version": "0.0.154",
      "resolved": "https://registry.npmjs.org/be-observant/-/be-observant-0.0.154.tgz",
      "integrity": "sha512-9W0KMZKRX1fqWd7cgU29FHJ6mo2GLzjmqlKqyXNNRZMVLru9aYOQzSVSgEpCGmbFtBTzQTAS4sF/ecAvI82mqg==",
      "dependencies": {
        "be-a-beacon": "0.0.22",
        "be-decorated": "0.0.177",
        "be-hive": "0.0.74",
        "trans-render": "0.0.626",
        "xtal-element": "0.0.530"
      }
    },
    "node_modules/kleur": {
      "version": "4.1.5",
      "resolved": "https://registry.npmjs.org/kleur/-/kleur-4.1.5.tgz",
      "integrity": "sha512-o+NO+8WrRiQEE4/7nwRJhN1HWpVmJm511pBHUxPLtp0BUISzlBplORYSmTclCnJvQq2tKu/sgl3xVpkc7ZWuQQ==",
      "dev": true,
      "engines": {
        "node": ">=6"
      }
    },
    "node_modules/trans-render": {
      "version": "0.0.626",
      "resolved": "https://registry.npmjs.org/trans-render/-/trans-render-0.0.626.tgz",
      "integrity": "sha512-rFskZRyW3lyJ8Hyxf+1peTdwFsjIozHM9MF4SX8k8b7kiRD6+j32uCT0f3yk1nZnekNxmxCZimxUeR4axO/jLA=="
    },
    "node_modules/xtal-element": {
      "version": "0.0.530",
      "resolved": "https://registry.npmjs.org/xtal-element/-/xtal-element-0.0.530.tgz",
      "integrity": "sha512-M0j5sQOenh0Jom9HvR7+oKY7LnSlQU4kQGZ/FnMg3DAWKYDWvXK6uS+hvvHUEq2uToBYEVD7FTeHDuHMm961HA==",
      "dependencies": {
        "trans-render": "0.0.626"
      }
    },
    "node_modules/yargs-parser": {
      "version": "20.2.9",
      "resolved": "https://registry.npmjs.org/yargs-parser/-/yargs-parser-20.2.9.tgz",
      "integrity": "sha512-y11nGElTIV+CT3Zv9t7VKl+Q3hTQoT9a1Qzezhhl6Rp21gJ/IVTW7Z3y9EWXhuUBC2Shnf+DX0antecpAwSP8w==",
      "dev": true,
      "engines": {
        "node": ">=10"
      }
    }
  },
  "dependencies": {
    "@skypack/package-check": {
      "version": "0.2.2",
      "resolved": "https://registry.npmjs.org/@skypack/package-check/-/package-check-0.2.2.tgz",
      "integrity": "sha512-T4Wyi9lUuz0a1C2OHuzqZ0aFOCI0AmaGTb2LP9sHgWdoHXlB3JU02gfBpa0Y081G/gFsJYpQ/R0iCJRzF/nknw==",
      "dev": true,
      "requires": {
        "kleur": "^4.1.3",
        "yargs-parser": "^20.2.3"
      }
    },
    "be-a-beacon": {
      "version": "0.0.22",
      "resolved": "https://registry.npmjs.org/be-a-beacon/-/be-a-beacon-0.0.22.tgz",
      "integrity": "sha512-u7tOxYz9WySgoSOtcqnGe666lO6uyksJ1hDYPV6dVgpO8YQdc8Vf8UT6rNDXS7MvEMZenvNfFs8Sf3HB9SNnIA==",
      "requires": {
        "be-decorated": "0.0.177",
        "be-hive": "0.0.74"
      }
    },
    "be-decorated": {
      "version": "0.0.177",
      "resolved": "https://registry.npmjs.org/be-decorated/-/be-decorated-0.0.177.tgz",
      "integrity": "sha512-EuoXwQDG2JiCTamEZ1zWq80nhfz8UAZSNfsNnGHwJHRicyo6bdlo/o/I8sAwprvlSHIzq1DM0Oiky/4p5WigXQ==",
      "requires": {
        "trans-render": "0.0.626",
        "xtal-element": "0.0.530"
      }
    },
    "be-hive": {
      "version": "0.0.74",
      "resolved": "https://registry.npmjs.org/be-hive/-/be-hive-0.0.74.tgz",
      "integrity": "sha512-VaRrk8R2ce41W9H3AuD1wUe8YlB6dSVrx0A/LRVzpAnq9/lhN6g5+B04EUk8d1ul/J5BnDsr4lfL0+HmS3Uf6w==",
      "requires": {
        "trans-render": "0.0.626"
      }
    },
    "be-observant": {
      "version": "0.0.154",
      "resolved": "https://registry.npmjs.org/be-observant/-/be-observant-0.0.154.tgz",
      "integrity": "sha512-9W0KMZKRX1fqWd7cgU29FHJ6mo2GLzjmqlKqyXNNRZMVLru9aYOQzSVSgEpCGmbFtBTzQTAS4sF/ecAvI82mqg==",
      "requires": {
        "be-a-beacon": "0.0.22",
        "be-decorated": "0.0.177",
        "be-hive": "0.0.74",
        "trans-render": "0.0.626",
        "xtal-element": "0.0.530"
      }
    },
    "kleur": {
      "version": "4.1.5",
      "resolved": "https://registry.npmjs.org/kleur/-/kleur-4.1.5.tgz",
      "integrity": "sha512-o+NO+8WrRiQEE4/7nwRJhN1HWpVmJm511pBHUxPLtp0BUISzlBplORYSmTclCnJvQq2tKu/sgl3xVpkc7ZWuQQ==",
      "dev": true
    },
    "trans-render": {
      "version": "0.0.626",
      "resolved": "https://registry.npmjs.org/trans-render/-/trans-render-0.0.626.tgz",
      "integrity": "sha512-rFskZRyW3lyJ8Hyxf+1peTdwFsjIozHM9MF4SX8k8b7kiRD6+j32uCT0f3yk1nZnekNxmxCZimxUeR4axO/jLA=="
    },
    "xtal-element": {
      "version": "0.0.530",
      "resolved": "https://registry.npmjs.org/xtal-element/-/xtal-element-0.0.530.tgz",
      "integrity": "sha512-M0j5sQOenh0Jom9HvR7+oKY7LnSlQU4kQGZ/FnMg3DAWKYDWvXK6uS+hvvHUEq2uToBYEVD7FTeHDuHMm961HA==",
      "requires": {
        "trans-render": "0.0.626"
      }
    },
    "yargs-parser": {
      "version": "20.2.9",
      "resolved": "https://registry.npmjs.org/yargs-parser/-/yargs-parser-20.2.9.tgz",
      "integrity": "sha512-y11nGElTIV+CT3Zv9t7VKl+Q3hTQoT9a1Qzezhhl6Rp21gJ/IVTW7Z3y9EWXhuUBC2Shnf+DX0antecpAwSP8w==",
      "dev": true
    }
  }
}
