{
  "name": "be-syndicating",
  "version": "0.0.8",
  "lockfileVersion": 2,
  "requires": true,
  "packages": {
    "": {
      "name": "be-syndicating",
      "version": "0.0.8",
      "license": "MIT",
      "dependencies": {
        "be-decorated": "0.0.182",
        "be-observant": "0.0.155",
        "trans-render": "0.0.628"
      },
      "devDependencies": {
        "@skypack/package-check": "0.2.2"
      }
    },
    "node_modules/@skypack/package-check": {
      "version": "0.2.2",
      "resolved": "https://registry.npmjs.org/@skypack/package-check/-/package-check-0.2.2.tgz",
      "integrity": "sha512-T4Wyi9lUuz0a1C2OHuzqZ0aFOCI0AmaGTb2LP9sHgWdoHXlB3JU02gfBpa0Y081G/gFsJYpQ/R0iCJRzF/nknw==",
      "dev": true,
      "dependencies": {
        "kleur": "^4.1.3",
        "yargs-parser": "^20.2.3"
      },
      "bin": {
        "package-check": "index.bin.js"
      }
    },
    "node_modules/be-a-beacon": {
      "version": "0.0.23",
      "resolved": "https://registry.npmjs.org/be-a-beacon/-/be-a-beacon-0.0.23.tgz",
      "integrity": "sha512-CsH6IxEhsKSaRaErMADrdG1d2GEAfRIfSC0oZsDssnApaQbRgmE0wQgT41tCq6OkeTDVhrCPUH1w2YPp0nDovw==",
      "dependencies": {
        "be-decorated": "0.0.182",
        "be-hive": "0.0.76"
      }
    },
    "node_modules/be-decorated": {
      "version": "0.0.182",
      "resolved": "https://registry.npmjs.org/be-decorated/-/be-decorated-0.0.182.tgz",
      "integrity": "sha512-ix9Kz2LqUaDUdeZf8L5Eat4X0eRFEBTIMU4fikYnbY/MfsqWohzwiUEMmDQnp4U7dH88nsIrqFrKZCCEZjWaIA==",
      "dependencies": {
        "trans-render": "0.0.628"
      }
    },
    "node_modules/be-hive": {
      "version": "0.0.76",
      "resolved": "https://registry.npmjs.org/be-hive/-/be-hive-0.0.76.tgz",
      "integrity": "sha512-ev5Abxo7LYTfzgkJJqG2XvtEF67YGmcvembRYiBfR8uN2rG0+44VXbxlZZ4au9YE1XsOOU6CHFouocE2ypgFBA=="
    },
    "node_modules/be-observant": {
      "version": "0.0.155",
      "resolved": "https://registry.npmjs.org/be-observant/-/be-observant-0.0.155.tgz",
      "integrity": "sha512-wu2svs/FzLaNvRbMILUP45utNXkoS7LKU4L6tlyxMiMV5sU6wmQZpJ2J0knm58RjDwjiJ+05sPldTeMZUI2IjQ==",
      "dependencies": {
        "be-a-beacon": "0.0.23",
        "be-decorated": "0.0.182",
        "be-hive": "0.0.76",
        "trans-render": "0.0.628",
        "xtal-element": "0.0.531"
      }
    },
    "node_modules/kleur": {
      "version": "4.1.5",
      "resolved": "https://registry.npmjs.org/kleur/-/kleur-4.1.5.tgz",
      "integrity": "sha512-o+NO+8WrRiQEE4/7nwRJhN1HWpVmJm511pBHUxPLtp0BUISzlBplORYSmTclCnJvQq2tKu/sgl3xVpkc7ZWuQQ==",
      "dev": true,
      "engines": {
        "node": ">=6"
      }
    },
    "node_modules/trans-render": {
      "version": "0.0.628",
      "resolved": "https://registry.npmjs.org/trans-render/-/trans-render-0.0.628.tgz",
      "integrity": "sha512-cTJ8KauW7YpRrH6bH8j1AMGOUm+hP/d/LHqb6xjR+H2i0PMhPm/ES6kMSEoAnh9LWk6WUAsvNM73FylziJWq8Q=="
    },
    "node_modules/xtal-element": {
      "version": "0.0.531",
      "resolved": "https://registry.npmjs.org/xtal-element/-/xtal-element-0.0.531.tgz",
      "integrity": "sha512-c4mI3XCM9ydlyu9KbPBzPkcdcLgXzNZbRmm4dtz1eqVg9NrX+FHZf15ydZvfj2qPgi5SQuOek5nKJJpVs6z4Dg==",
      "dependencies": {
        "trans-render": "0.0.628"
      }
    },
    "node_modules/yargs-parser": {
      "version": "20.2.9",
      "resolved": "https://registry.npmjs.org/yargs-parser/-/yargs-parser-20.2.9.tgz",
      "integrity": "sha512-y11nGElTIV+CT3Zv9t7VKl+Q3hTQoT9a1Qzezhhl6Rp21gJ/IVTW7Z3y9EWXhuUBC2Shnf+DX0antecpAwSP8w==",
      "dev": true,
      "engines": {
        "node": ">=10"
      }
    }
  },
  "dependencies": {
    "@skypack/package-check": {
      "version": "0.2.2",
      "resolved": "https://registry.npmjs.org/@skypack/package-check/-/package-check-0.2.2.tgz",
      "integrity": "sha512-T4Wyi9lUuz0a1C2OHuzqZ0aFOCI0AmaGTb2LP9sHgWdoHXlB3JU02gfBpa0Y081G/gFsJYpQ/R0iCJRzF/nknw==",
      "dev": true,
      "requires": {
        "kleur": "^4.1.3",
        "yargs-parser": "^20.2.3"
      }
    },
    "be-a-beacon": {
      "version": "0.0.23",
      "resolved": "https://registry.npmjs.org/be-a-beacon/-/be-a-beacon-0.0.23.tgz",
      "integrity": "sha512-CsH6IxEhsKSaRaErMADrdG1d2GEAfRIfSC0oZsDssnApaQbRgmE0wQgT41tCq6OkeTDVhrCPUH1w2YPp0nDovw==",
      "requires": {
        "be-decorated": "0.0.182",
        "be-hive": "0.0.76"
      }
    },
    "be-decorated": {
      "version": "0.0.182",
      "resolved": "https://registry.npmjs.org/be-decorated/-/be-decorated-0.0.182.tgz",
      "integrity": "sha512-ix9Kz2LqUaDUdeZf8L5Eat4X0eRFEBTIMU4fikYnbY/MfsqWohzwiUEMmDQnp4U7dH88nsIrqFrKZCCEZjWaIA==",
      "requires": {
        "trans-render": "0.0.628"
      }
    },
    "be-hive": {
      "version": "0.0.76",
      "resolved": "https://registry.npmjs.org/be-hive/-/be-hive-0.0.76.tgz",
      "integrity": "sha512-ev5Abxo7LYTfzgkJJqG2XvtEF67YGmcvembRYiBfR8uN2rG0+44VXbxlZZ4au9YE1XsOOU6CHFouocE2ypgFBA=="
    },
    "be-observant": {
      "version": "0.0.155",
      "resolved": "https://registry.npmjs.org/be-observant/-/be-observant-0.0.155.tgz",
      "integrity": "sha512-wu2svs/FzLaNvRbMILUP45utNXkoS7LKU4L6tlyxMiMV5sU6wmQZpJ2J0knm58RjDwjiJ+05sPldTeMZUI2IjQ==",
      "requires": {
        "be-a-beacon": "0.0.23",
        "be-decorated": "0.0.182",
        "be-hive": "0.0.76",
        "trans-render": "0.0.628",
        "xtal-element": "0.0.531"
      }
    },
    "kleur": {
      "version": "4.1.5",
      "resolved": "https://registry.npmjs.org/kleur/-/kleur-4.1.5.tgz",
      "integrity": "sha512-o+NO+8WrRiQEE4/7nwRJhN1HWpVmJm511pBHUxPLtp0BUISzlBplORYSmTclCnJvQq2tKu/sgl3xVpkc7ZWuQQ==",
      "dev": true
    },
    "trans-render": {
      "version": "0.0.628",
      "resolved": "https://registry.npmjs.org/trans-render/-/trans-render-0.0.628.tgz",
      "integrity": "sha512-cTJ8KauW7YpRrH6bH8j1AMGOUm+hP/d/LHqb6xjR+H2i0PMhPm/ES6kMSEoAnh9LWk6WUAsvNM73FylziJWq8Q=="
    },
    "xtal-element": {
      "version": "0.0.531",
      "resolved": "https://registry.npmjs.org/xtal-element/-/xtal-element-0.0.531.tgz",
      "integrity": "sha512-c4mI3XCM9ydlyu9KbPBzPkcdcLgXzNZbRmm4dtz1eqVg9NrX+FHZf15ydZvfj2qPgi5SQuOek5nKJJpVs6z4Dg==",
      "requires": {
        "trans-render": "0.0.628"
      }
    },
    "yargs-parser": {
      "version": "20.2.9",
      "resolved": "https://registry.npmjs.org/yargs-parser/-/yargs-parser-20.2.9.tgz",
      "integrity": "sha512-y11nGElTIV+CT3Zv9t7VKl+Q3hTQoT9a1Qzezhhl6Rp21gJ/IVTW7Z3y9EWXhuUBC2Shnf+DX0antecpAwSP8w==",
      "dev": true
    }
  }
}
